
Microsoft Visual Studio Solution File, Format Version 12.00
# Visual Studio Version 16
VisualStudioVersion = 16.0.31402.337
MinimumVisualStudioVersion = 10.0.40219.1
Project("{9A19103F-16F7-4668-BE54-9A1E7A4F7556}") = "CommonExample", "CommonExample\CommonExample.csproj", "{C9D29779-1D92-48FC-8492-0A790DF2C3F1}"
EndProject
Project("{9A19103F-16F7-4668-BE54-9A1E7A4F7556}") = "DomainExample", "DomainExample\DomainExample.csproj", "{79D07672-96FB-4E57-895B-F7BA00284F2B}"
EndProject
Project("{9A19103F-16F7-4668-BE54-9A1E7A4F7556}") = "DataExample", "DataExample\DataExample.csproj", "{A791C936-4760-46CF-A856-F547E819C5A4}"
EndProject
Project("{9A19103F-16F7-4668-BE54-9A1E7A4F7556}") = "NetCoreExampleApi", "NetCoreExampleApi\NetCoreExampleApi.csproj", "{75047B87-D35E-4D45-BECE-2748AF424905}"
EndProject
Project("{FAE04EC0-301F-11D3-BF4B-00C04F79EFBC}") = "ApplicationExample", "ApplicationExample\ApplicationExample.csproj", "{A1C5173A-4E36-4129-A0EF-36C104752086}"
EndProject
Global
	GlobalSection(SolutionConfigurationPlatforms) = preSolution
		Debug|Any CPU = Debug|Any CPU
		Release|Any CPU = Release|Any CPU
	EndGlobalSection
	GlobalSection(ProjectConfigurationPlatforms) = postSolution
		{C9D29779-1D92-48FC-8492-0A790DF2C3F1}.Debug|Any CPU.ActiveCfg = Debug|Any CPU
		{C9D29779-1D92-48FC-8492-0A790DF2C3F1}.Debug|Any CPU.Build.0 = Debug|Any CPU
		{C9D29779-1D92-48FC-8492-0A790DF2C3F1}.Release|Any CPU.ActiveCfg = Release|Any CPU
		{C9D29779-1D92-48FC-8492-0A790DF2C3F1}.Release|Any CPU.Build.0 = Release|Any CPU
		{79D07672-96FB-4E57-895B-F7BA00284F2B}.Debug|Any CPU.ActiveCfg = Debug|Any CPU
		{79D07672-96FB-4E57-895B-F7BA00284F2B}.Debug|Any CPU.Build.0 = Debug|Any CPU
		{79D07672-96FB-4E57-895B-F7BA00284F2B}.Release|Any CPU.ActiveCfg = Release|Any CPU
		{79D07672-96FB-4E57-895B-F7BA00284F2B}.Release|Any CPU.Build.0 = Release|Any CPU
		{A791C936-4760-46CF-A856-F547E819C5A4}.Debug|Any CPU.ActiveCfg = Debug|Any CPU
		{A791C936-4760-46CF-A856-F547E819C5A4}.Debug|Any CPU.Build.0 = Debug|Any CPU
		{A791C936-4760-46CF-A856-F547E819C5A4}.Release|Any CPU.ActiveCfg = Release|Any CPU
		{A791C936-4760-46CF-A856-F547E819C5A4}.Release|Any CPU.Build.0 = Release|Any CPU
		{75047B87-D35E-4D45-BECE-2748AF424905}.Debug|Any CPU.ActiveCfg = Debug|Any CPU
		{75047B87-D35E-4D45-BECE-2748AF424905}.Debug|Any CPU.Build.0 = Debug|Any CPU
		{75047B87-D35E-4D45-BECE-2748AF424905}.Release|Any CPU.ActiveCfg = Release|Any CPU
		{75047B87-D35E-4D45-BECE-2748AF424905}.Release|Any CPU.Build.0 = Release|Any CPU
		{A1C5173A-4E36-4129-A0EF-36C104752086}.Debug|Any CPU.ActiveCfg = Debug|Any CPU
		{A1C5173A-4E36-4129-A0EF-36C104752086}.Debug|Any CPU.Build.0 = Debug|Any CPU
		{A1C5173A-4E36-4129-A0EF-36C104752086}.Release|Any CPU.ActiveCfg = Release|Any CPU
		{A1C5173A-4E36-4129-A0EF-36C104752086}.Release|Any CPU.Build.0 = Release|Any CPU
	EndGlobalSection
	GlobalSection(SolutionProperties) = preSolution
		HideSolutionNode = FALSE
	EndGlobalSection
	GlobalSection(ExtensibilityGlobals) = postSolution
		SolutionGuid = {CEA1BAE2-B78A-48D9-82F2-90A1E4F9D769}
	EndGlobalSection
EndGlobal
